<?xml version="1.0" encoding="UTF-8" standalone="yes" ?>
<CodeBlocks_project_file>
	<FileVersion major="1" minor="6" />
	<Project>
		<Option title="RadiusTestServer" />
		<Option pch_mode="2" />
		<Option compiler="gcc" />
		<Build>
			<Target title="Debug">
				<Option output="bin/Debug/RadiusTestServer" prefix_auto="1" extension_auto="1" />
				<Option object_output="obj/Debug/" />
				<Option type="1" />
				<Option compiler="gcc" />
				<Compiler>
					<Add option="-g" />
					<Add directory="RadiusTestServer/src/Goose" />
					<Add directory="RadiusTestServer/src" />
				</Compiler>
			</Target>
			<Target title="Release">
				<Option output="bin/Release/RadiusTestServer" prefix_auto="1" extension_auto="1" />
				<Option object_output="obj/Release/" />
				<Option type="1" />
				<Option compiler="gcc" />
				<Compiler>
					<Add option="-O2" />
					<Add directory="RadiusTestServer/src/Goose" />
					<Add directory="RadiusTestServer/src" />
				</Compiler>
				<Linker>
					<Add option="-s" />
				</Linker>
			</Target>
		</Build>
		<Compiler>
			<Add option="-Wall" />
			<Add option="-fexceptions" />
			<Add directory="src/Goose" />
			<Add directory="src" />
		</Compiler>
		<Unit filename="../Задача RadiusTestServer.txt" />
		<Unit filename="src/Configuration.h" />
		<Unit filename="src/Crc.cpp" />
		<Unit filename="src/Crc.h" />
		<Unit filename="src/DataTypes.h" />
		<Unit filename="src/Dfa.cpp" />
		<Unit filename="src/Dfa.h" />
		<Unit filename="src/Goose/Goose.cpp" />
		<Unit filename="src/Goose/Goose.h" />
		<Unit filename="src/Goose/GooseEthernet.cpp" />
		<Unit filename="src/Goose/GooseEthernet.h" />
		<Unit filename="src/MainProductionCycle.cpp" />
		<Unit filename="src/MainProductionCycle.h" />
		<Unit filename="src/Modbus/Modbus.cpp" />
		<Unit filename="src/Modbus/Modbus.h" />
		<Unit filename="src/Modbus/ModbusRtu.cpp" />
		<Unit filename="src/Modbus/ModbusRtu.h" />
		<Unit filename="src/Modbus/ModbusTcp.cpp" />
		<Unit filename="src/Modbus/ModbusTcp.h" />
		<Unit filename="src/Modbus/errno-base.h" />
		<Unit filename="src/Observer.cpp" />
		<Unit filename="src/Observer.h" />
		<Unit filename="src/Platform.cpp" />
		<Unit filename="src/Platform.h" />
		<Unit filename="src/Production.cpp" />
		<Unit filename="src/Production.h" />
		<Unit filename="src/RadiusTestServer.cpp" />
		<Unit filename="src/Rte.cpp" />
		<Unit filename="src/Rte.h" />
		<Unit filename="src/Task.cpp" />
		<Unit filename="src/Task.h" />
		<Unit filename="src/Timer.cpp" />
		<Unit filename="src/Timer.h" />
		<Extensions>
			<lib_finder disable_auto="1" />
		</Extensions>
	</Project>
</CodeBlocks_project_file>
